
Microsoft Visual Studio Solution File, Format Version 12.00
# Visual Studio Version 17
VisualStudioVersion = 17.9.34723.18
MinimumVisualStudioVersion = 10.0.40219.1
Project("{FAE04EC0-301F-11D3-BF4B-00C04F79EFBC}") = "Expr5", "Expr5\Expr5.csproj", "{545EE00E-F4D7-4003-808C-A1FF60119071}"
EndProject
Global
	GlobalSection(SolutionConfigurationPlatforms) = preSolution
		Debug|Any CPU = Debug|Any CPU
		Release|Any CPU = Release|Any CPU
	EndGlobalSection
	GlobalSection(ProjectConfigurationPlatforms) = postSolution
		{545EE00E-F4D7-4003-808C-A1FF60119071}.Debug|Any CPU.ActiveCfg = Debug|Any CPU
		{545EE00E-F4D7-4003-808C-A1FF60119071}.Debug|Any CPU.Build.0 = Debug|Any CPU
		{545EE00E-F4D7-4003-808C-A1FF60119071}.Release|Any CPU.ActiveCfg = Release|Any CPU
		{545EE00E-F4D7-4003-808C-A1FF60119071}.Release|Any CPU.Build.0 = Release|Any CPU
	EndGlobalSection
	GlobalSection(SolutionProperties) = preSolution
		HideSolutionNode = FALSE
	EndGlobalSection
	GlobalSection(ExtensibilityGlobals) = postSolution
		SolutionGuid = {FE8AB5D5-D98B-4BAB-A8E6-83F36378A469}
	EndGlobalSection
EndGlobal
